{
    "name": "@github/copilot-language-server",
    "version": "1.426.0",
    "lockfileVersion": 3,
    "requires": true,
    "packages": {
        "": {
            "name": "@github/copilot-language-server",
            "version": "1.426.0",
            "license": "MIT",
            "dependencies": {
                "vscode-languageserver-protocol": "^3.17.5"
            },
            "bin": {
                "copilot-language-server": "dist/language-server.js"
            },
            "optionalDependencies": {
                "@github/copilot-language-server-darwin-arm64": "1.426.0",
                "@github/copilot-language-server-darwin-x64": "1.426.0",
                "@github/copilot-language-server-linux-arm64": "1.426.0",
                "@github/copilot-language-server-linux-x64": "1.426.0",
                "@github/copilot-language-server-win32-arm64": "1.426.0",
                "@github/copilot-language-server-win32-x64": "1.426.0"
            }
        },
        "node_modules/@github/copilot-language-server-darwin-arm64": {
            "version": "1.426.0",
            "resolved": "https://registry.npmjs.org/@github/copilot-language-server-darwin-arm64/-/copilot-language-server-darwin-arm64-1.426.0.tgz",
            "integrity": "sha512-k75dHccbwbO8Tw+osqfbzIpq7103dSEgYUOnXfWGYy511ZXB7RqNnSQ5cIgNukn4P1mp7Ry7DAXXatFBzDhhKA==",
            "cpu": [
                "arm64"
            ],
            "license": "MIT",
            "optional": true,
            "os": [
                "darwin"
            ]
        },
        "node_modules/@github/copilot-language-server-darwin-x64": {
            "version": "1.426.0",
            "resolved": "https://registry.npmjs.org/@github/copilot-language-server-darwin-x64/-/copilot-language-server-darwin-x64-1.426.0.tgz",
            "integrity": "sha512-j89KV4YiYa+OGjv+02N4vWwStcfm482GH461OItSYU5YxEnVkZgzwjpt+d9HqV1KpZETmfANshh2Njd7Uqb5EA==",
            "cpu": [
                "x64"
            ],
            "license": "MIT",
            "optional": true,
            "os": [
                "darwin"
            ]
        },
        "node_modules/@github/copilot-language-server-linux-arm64": {
            "version": "1.426.0",
            "resolved": "https://registry.npmjs.org/@github/copilot-language-server-linux-arm64/-/copilot-language-server-linux-arm64-1.426.0.tgz",
            "integrity": "sha512-5KjiKRChHexzNcX4gbsYoE8d8PLexa/m8WH3WWP+ErwXo0hb4l22sJflcvtdrmUkBX1KexYqZoO1Wf7oQKYHqA==",
            "cpu": [
                "arm64"
            ],
            "license": "MIT",
            "optional": true,
            "os": [
                "linux"
            ]
        },
        "node_modules/@github/copilot-language-server-linux-x64": {
            "version": "1.426.0",
            "resolved": "https://registry.npmjs.org/@github/copilot-language-server-linux-x64/-/copilot-language-server-linux-x64-1.426.0.tgz",
            "integrity": "sha512-ylMZE/6N7AYqtyky/HEqVAh/4951/bydtu+Nnp7trq5f8GspUOhWydCAbVQbdjvlOnluMX05hKAqpYNAKFqBiQ==",
            "cpu": [
                "x64"
            ],
            "license": "MIT",
            "optional": true,
            "os": [
                "linux"
            ]
        },
        "node_modules/@github/copilot-language-server-win32-arm64": {
            "version": "1.426.0",
            "resolved": "https://registry.npmjs.org/@github/copilot-language-server-win32-arm64/-/copilot-language-server-win32-arm64-1.426.0.tgz",
            "integrity": "sha512-AU98/vwTOcRVyE1zXjmPXe8iLGNPTNu/+LKXTpqZAJfrDKhnjyDjXCc9lsZUh7HVfy4ebjLCuwuaoPll9L9y9g==",
            "cpu": [
                "arm64"
            ],
            "license": "MIT",
            "optional": true,
            "os": [
                "win32"
            ]
        },
        "node_modules/@github/copilot-language-server-win32-x64": {
            "version": "1.426.0",
            "resolved": "https://registry.npmjs.org/@github/copilot-language-server-win32-x64/-/copilot-language-server-win32-x64-1.426.0.tgz",
            "integrity": "sha512-609rh+QcrhcSc0oWiv3ujIPg3FJtgsU6GMtrDGtt0CjFe2dtF4NAkXyrll/Qg3B1qR2ty3wwpXxwBKDpgn9cQw==",
            "cpu": [
                "x64"
            ],
            "license": "MIT",
            "optional": true,
            "os": [
                "win32"
            ]
        },
        "node_modules/vscode-jsonrpc": {
            "version": "8.2.0",
            "resolved": "https://registry.npmjs.org/vscode-jsonrpc/-/vscode-jsonrpc-8.2.0.tgz",
            "integrity": "sha512-C+r0eKJUIfiDIfwJhria30+TYWPtuHJXHtI7J0YlOmKAo7ogxP20T0zxB7HZQIFhIyvoBPwWskjxrvAtfjyZfA==",
            "license": "MIT",
            "engines": {
                "node": ">=14.0.0"
            }
        },
        "node_modules/vscode-languageserver-protocol": {
            "version": "3.17.5",
            "resolved": "https://registry.npmjs.org/vscode-languageserver-protocol/-/vscode-languageserver-protocol-3.17.5.tgz",
            "integrity": "sha512-mb1bvRJN8SVznADSGWM9u/b07H7Ecg0I3OgXDuLdn307rl/J3A9YD6/eYOssqhecL27hK1IPZAsaqh00i/Jljg==",
            "license": "MIT",
            "dependencies": {
                "vscode-jsonrpc": "8.2.0",
                "vscode-languageserver-types": "3.17.5"
            }
        },
        "node_modules/vscode-languageserver-types": {
            "version": "3.17.5",
            "resolved": "https://registry.npmjs.org/vscode-languageserver-types/-/vscode-languageserver-types-3.17.5.tgz",
            "integrity": "sha512-Ld1VelNuX9pdF39h2Hgaeb5hEZM2Z3jUrrMgWQAu82jMtZp7p3vJT3BzToKtZI7NgQssZje5o0zryOrhQvzQAg==",
            "license": "MIT"
        }
    }
}
