{
    "name": "@github/copilot-language-server",
    "version": "1.428.0",
    "lockfileVersion": 3,
    "requires": true,
    "packages": {
        "": {
            "name": "@github/copilot-language-server",
            "version": "1.428.0",
            "license": "MIT",
            "dependencies": {
                "vscode-languageserver-protocol": "^3.17.5"
            },
            "bin": {
                "copilot-language-server": "dist/language-server.js"
            },
            "optionalDependencies": {
                "@github/copilot-language-server-darwin-arm64": "1.428.0",
                "@github/copilot-language-server-darwin-x64": "1.428.0",
                "@github/copilot-language-server-linux-arm64": "1.428.0",
                "@github/copilot-language-server-linux-x64": "1.428.0",
                "@github/copilot-language-server-win32-arm64": "1.428.0",
                "@github/copilot-language-server-win32-x64": "1.428.0"
            }
        },
        "node_modules/@github/copilot-language-server-darwin-arm64": {
            "version": "1.428.0",
            "resolved": "https://registry.npmjs.org/@github/copilot-language-server-darwin-arm64/-/copilot-language-server-darwin-arm64-1.428.0.tgz",
            "integrity": "sha512-L69BGg9JKBmcwiOs4JK/fJfj013JEZebL+5Q+IaXj4VgA7Wm9i7+y4XTvYALKf3j91rLgiaN4+KDIkQA5Dq6pA==",
            "cpu": [
                "arm64"
            ],
            "license": "MIT",
            "optional": true,
            "os": [
                "darwin"
            ]
        },
        "node_modules/@github/copilot-language-server-darwin-x64": {
            "version": "1.428.0",
            "resolved": "https://registry.npmjs.org/@github/copilot-language-server-darwin-x64/-/copilot-language-server-darwin-x64-1.428.0.tgz",
            "integrity": "sha512-Cd2lpKrK/97F9agPOFusAZp6C+sgmdfwc25Z++kcJlyaN98GN5bsWyvAzysmG7w2vHzVV6y/P89ukLK5ludr9g==",
            "cpu": [
                "x64"
            ],
            "license": "MIT",
            "optional": true,
            "os": [
                "darwin"
            ]
        },
        "node_modules/@github/copilot-language-server-linux-arm64": {
            "version": "1.428.0",
            "resolved": "https://registry.npmjs.org/@github/copilot-language-server-linux-arm64/-/copilot-language-server-linux-arm64-1.428.0.tgz",
            "integrity": "sha512-uPySZZoBTdViLrr7AqnDS2xM+q5+Yx5jCB2TvrIfdtYfjYTthLKDaMnAHFvDT89Jnj0KHzmU/9op4g2jOl5ddg==",
            "cpu": [
                "arm64"
            ],
            "license": "MIT",
            "optional": true,
            "os": [
                "linux"
            ]
        },
        "node_modules/@github/copilot-language-server-linux-x64": {
            "version": "1.428.0",
            "resolved": "https://registry.npmjs.org/@github/copilot-language-server-linux-x64/-/copilot-language-server-linux-x64-1.428.0.tgz",
            "integrity": "sha512-EFCrHZd5c44bgjNxVHLk36x4+0fJNk4jZBEBASaRWvh+02ts4HBey2DDCTk9/HSHSUJnvU+3FGilDNG2MnNT0A==",
            "cpu": [
                "x64"
            ],
            "license": "MIT",
            "optional": true,
            "os": [
                "linux"
            ]
        },
        "node_modules/@github/copilot-language-server-win32-arm64": {
            "version": "1.428.0",
            "resolved": "https://registry.npmjs.org/@github/copilot-language-server-win32-arm64/-/copilot-language-server-win32-arm64-1.428.0.tgz",
            "integrity": "sha512-8h7MNHLDX8gcoJOHxzvdPXrNirACe7DwZ8LNx2ObiDx0aSKXmYWwgGT9LH/fVX/RHlw4KdovBgkjO6xDvfhKMw==",
            "cpu": [
                "arm64"
            ],
            "license": "MIT",
            "optional": true,
            "os": [
                "win32"
            ]
        },
        "node_modules/@github/copilot-language-server-win32-x64": {
            "version": "1.428.0",
            "resolved": "https://registry.npmjs.org/@github/copilot-language-server-win32-x64/-/copilot-language-server-win32-x64-1.428.0.tgz",
            "integrity": "sha512-grYbudwxAILaC47kb2Oqok3LBqbsVCWLPV4uiGLlEsQFYE9TklVjveciJMSXr3GcWf5feJuCXQBCME0/wvTBiA==",
            "cpu": [
                "x64"
            ],
            "license": "MIT",
            "optional": true,
            "os": [
                "win32"
            ]
        },
        "node_modules/vscode-jsonrpc": {
            "version": "8.2.0",
            "resolved": "https://registry.npmjs.org/vscode-jsonrpc/-/vscode-jsonrpc-8.2.0.tgz",
            "integrity": "sha512-C+r0eKJUIfiDIfwJhria30+TYWPtuHJXHtI7J0YlOmKAo7ogxP20T0zxB7HZQIFhIyvoBPwWskjxrvAtfjyZfA==",
            "license": "MIT",
            "engines": {
                "node": ">=14.0.0"
            }
        },
        "node_modules/vscode-languageserver-protocol": {
            "version": "3.17.5",
            "resolved": "https://registry.npmjs.org/vscode-languageserver-protocol/-/vscode-languageserver-protocol-3.17.5.tgz",
            "integrity": "sha512-mb1bvRJN8SVznADSGWM9u/b07H7Ecg0I3OgXDuLdn307rl/J3A9YD6/eYOssqhecL27hK1IPZAsaqh00i/Jljg==",
            "license": "MIT",
            "dependencies": {
                "vscode-jsonrpc": "8.2.0",
                "vscode-languageserver-types": "3.17.5"
            }
        },
        "node_modules/vscode-languageserver-types": {
            "version": "3.17.5",
            "resolved": "https://registry.npmjs.org/vscode-languageserver-types/-/vscode-languageserver-types-3.17.5.tgz",
            "integrity": "sha512-Ld1VelNuX9pdF39h2Hgaeb5hEZM2Z3jUrrMgWQAu82jMtZp7p3vJT3BzToKtZI7NgQssZje5o0zryOrhQvzQAg==",
            "license": "MIT"
        }
    }
}
